
Microsoft Visual Studio Solution File, Format Version 12.00
# Visual Studio Version 17
VisualStudioVersion = 17.11.35303.130
MinimumVisualStudioVersion = 10.0.40219.1
Project("{9A19103F-16F7-4668-BE54-9A1E7A4F7556}") = "IntegrateMe.Core", "IntegrateMe.Core\IntegrateMe.Core.csproj", "{45AD86C0-81D1-4D22-9C80-391FA8142E1F}"
EndProject
Project("{9A19103F-16F7-4668-BE54-9A1E7A4F7556}") = "IntegrateMe.Azure.BlobStorage", "IntegrateMe.Azure.BlobStorage\IntegrateMe.Azure.BlobStorage.csproj", "{EFE67334-1B44-4FA1-985D-069FFCD18804}"
EndProject
Project("{FAE04EC0-301F-11D3-BF4B-00C04F79EFBC}") = "IntegrateMe.Azure.LogicApp", "IntegrateMe.Azure.LogicApp\IntegrateMe.Azure.LogicApp.csproj", "{9CE046DE-DB47-42C0-AC5C-51CB327D9272}"
EndProject
Project("{FAE04EC0-301F-11D3-BF4B-00C04F79EFBC}") = "IntegrateMe.Azure.ContainerApp", "IntegrateMe.Azure.ContainerApp\IntegrateMe.Azure.ContainerApp.csproj", "{049B75A0-FDFE-47B0-ABE9-0DB4ABD30936}"
EndProject
Project("{FAE04EC0-301F-11D3-BF4B-00C04F79EFBC}") = "IntegrateMe.Azure.ContainerRegistry", "IntegrateMe.Azure.ContainerRegistry\IntegrateMe.Azure.ContainerRegistry.csproj", "{AF3E4AD8-157A-4941-8EF6-251B1755F8C2}"
EndProject
Project("{FAE04EC0-301F-11D3-BF4B-00C04F79EFBC}") = "IntegrateMe.EntityFrameworkCore", "IntegrateMe.EntityFrameworkCore\IntegrateMe.EntityFrameworkCore.csproj", "{8FBDE887-17AE-475B-B03F-4B7190523520}"
EndProject
Project("{2150E333-8FDC-42A3-9474-1A3956D46DE8}") = "examples", "examples", "{545099EF-0D2E-46CF-9383-2A1A846D46B4}"
EndProject
Project("{FAE04EC0-301F-11D3-BF4B-00C04F79EFBC}") = "IntegrateMe.Azure.xUnit.Example", "IntegrateMe.Azure.xUnit.Example\IntegrateMe.Azure.xUnit.Example.csproj", "{67D943D9-097A-4486-84E9-186E8F2F870F}"
EndProject
Project("{2150E333-8FDC-42A3-9474-1A3956D46DE8}") = "src", "src", "{79A1B3B8-EB65-4A6C-AEFF-007D4C147C05}"
EndProject
Project("{FAE04EC0-301F-11D3-BF4B-00C04F79EFBC}") = "IntegrateMe.EntityFrameworkCore.xUnit.Example", "IntegrateMe.EntityFrameworkCore.xUnit.Example\IntegrateMe.EntityFrameworkCore.xUnit.Example.csproj", "{CA1546FA-B63F-4C98-80AE-1206402E4A74}"
EndProject
Project("{FAE04EC0-301F-11D3-BF4B-00C04F79EFBC}") = "IntegrateMe.xUnit.Logger", "IntegrateMe.xUnit.Logger\IntegrateMe.xUnit.Logger.csproj", "{1CE9DD57-E2D6-43A1-8567-BFDACD195656}"
EndProject
Project("{FAE04EC0-301F-11D3-BF4B-00C04F79EFBC}") = "IntegrateMe.xUnit.Logger.Example", "IntegrateMe.xUnit.Logger.Example\IntegrateMe.xUnit.Logger.Example.csproj", "{326E53E0-3BF9-4AA1-8DA1-B18914BE5F10}"
EndProject
Global
	GlobalSection(SolutionConfigurationPlatforms) = preSolution
		Debug|Any CPU = Debug|Any CPU
		Release|Any CPU = Release|Any CPU
	EndGlobalSection
	GlobalSection(ProjectConfigurationPlatforms) = postSolution
		{45AD86C0-81D1-4D22-9C80-391FA8142E1F}.Debug|Any CPU.ActiveCfg = Debug|Any CPU
		{45AD86C0-81D1-4D22-9C80-391FA8142E1F}.Debug|Any CPU.Build.0 = Debug|Any CPU
		{45AD86C0-81D1-4D22-9C80-391FA8142E1F}.Release|Any CPU.ActiveCfg = Release|Any CPU
		{45AD86C0-81D1-4D22-9C80-391FA8142E1F}.Release|Any CPU.Build.0 = Release|Any CPU
		{EFE67334-1B44-4FA1-985D-069FFCD18804}.Debug|Any CPU.ActiveCfg = Debug|Any CPU
		{EFE67334-1B44-4FA1-985D-069FFCD18804}.Debug|Any CPU.Build.0 = Debug|Any CPU
		{EFE67334-1B44-4FA1-985D-069FFCD18804}.Release|Any CPU.ActiveCfg = Release|Any CPU
		{EFE67334-1B44-4FA1-985D-069FFCD18804}.Release|Any CPU.Build.0 = Release|Any CPU
		{9CE046DE-DB47-42C0-AC5C-51CB327D9272}.Debug|Any CPU.ActiveCfg = Debug|Any CPU
		{9CE046DE-DB47-42C0-AC5C-51CB327D9272}.Debug|Any CPU.Build.0 = Debug|Any CPU
		{9CE046DE-DB47-42C0-AC5C-51CB327D9272}.Release|Any CPU.ActiveCfg = Release|Any CPU
		{9CE046DE-DB47-42C0-AC5C-51CB327D9272}.Release|Any CPU.Build.0 = Release|Any CPU
		{049B75A0-FDFE-47B0-ABE9-0DB4ABD30936}.Debug|Any CPU.ActiveCfg = Debug|Any CPU
		{049B75A0-FDFE-47B0-ABE9-0DB4ABD30936}.Debug|Any CPU.Build.0 = Debug|Any CPU
		{049B75A0-FDFE-47B0-ABE9-0DB4ABD30936}.Release|Any CPU.ActiveCfg = Release|Any CPU
		{049B75A0-FDFE-47B0-ABE9-0DB4ABD30936}.Release|Any CPU.Build.0 = Release|Any CPU
		{AF3E4AD8-157A-4941-8EF6-251B1755F8C2}.Debug|Any CPU.ActiveCfg = Debug|Any CPU
		{AF3E4AD8-157A-4941-8EF6-251B1755F8C2}.Debug|Any CPU.Build.0 = Debug|Any CPU
		{AF3E4AD8-157A-4941-8EF6-251B1755F8C2}.Release|Any CPU.ActiveCfg = Release|Any CPU
		{AF3E4AD8-157A-4941-8EF6-251B1755F8C2}.Release|Any CPU.Build.0 = Release|Any CPU
		{8FBDE887-17AE-475B-B03F-4B7190523520}.Debug|Any CPU.ActiveCfg = Debug|Any CPU
		{8FBDE887-17AE-475B-B03F-4B7190523520}.Debug|Any CPU.Build.0 = Debug|Any CPU
		{8FBDE887-17AE-475B-B03F-4B7190523520}.Release|Any CPU.ActiveCfg = Release|Any CPU
		{8FBDE887-17AE-475B-B03F-4B7190523520}.Release|Any CPU.Build.0 = Release|Any CPU
		{67D943D9-097A-4486-84E9-186E8F2F870F}.Debug|Any CPU.ActiveCfg = Debug|Any CPU
		{67D943D9-097A-4486-84E9-186E8F2F870F}.Debug|Any CPU.Build.0 = Debug|Any CPU
		{67D943D9-097A-4486-84E9-186E8F2F870F}.Release|Any CPU.ActiveCfg = Release|Any CPU
		{67D943D9-097A-4486-84E9-186E8F2F870F}.Release|Any CPU.Build.0 = Release|Any CPU
		{CA1546FA-B63F-4C98-80AE-1206402E4A74}.Debug|Any CPU.ActiveCfg = Debug|Any CPU
		{CA1546FA-B63F-4C98-80AE-1206402E4A74}.Debug|Any CPU.Build.0 = Debug|Any CPU
		{CA1546FA-B63F-4C98-80AE-1206402E4A74}.Release|Any CPU.ActiveCfg = Release|Any CPU
		{CA1546FA-B63F-4C98-80AE-1206402E4A74}.Release|Any CPU.Build.0 = Release|Any CPU
		{1CE9DD57-E2D6-43A1-8567-BFDACD195656}.Debug|Any CPU.ActiveCfg = Debug|Any CPU
		{1CE9DD57-E2D6-43A1-8567-BFDACD195656}.Debug|Any CPU.Build.0 = Debug|Any CPU
		{1CE9DD57-E2D6-43A1-8567-BFDACD195656}.Release|Any CPU.ActiveCfg = Release|Any CPU
		{1CE9DD57-E2D6-43A1-8567-BFDACD195656}.Release|Any CPU.Build.0 = Release|Any CPU
		{326E53E0-3BF9-4AA1-8DA1-B18914BE5F10}.Debug|Any CPU.ActiveCfg = Debug|Any CPU
		{326E53E0-3BF9-4AA1-8DA1-B18914BE5F10}.Debug|Any CPU.Build.0 = Debug|Any CPU
		{326E53E0-3BF9-4AA1-8DA1-B18914BE5F10}.Release|Any CPU.ActiveCfg = Release|Any CPU
		{326E53E0-3BF9-4AA1-8DA1-B18914BE5F10}.Release|Any CPU.Build.0 = Release|Any CPU
	EndGlobalSection
	GlobalSection(SolutionProperties) = preSolution
		HideSolutionNode = FALSE
	EndGlobalSection
	GlobalSection(ExtensibilityGlobals) = postSolution
		SolutionGuid = {1A5B30C6-33A0-410C-9E84-C800B07B2B62}
	EndGlobalSection
	GlobalSection(NestedProjects) = preSolution
		{67D943D9-097A-4486-84E9-186E8F2F870F} = {545099EF-0D2E-46CF-9383-2A1A846D46B4}
		{EFE67334-1B44-4FA1-985D-069FFCD18804} = {79A1B3B8-EB65-4A6C-AEFF-007D4C147C05}
		{049B75A0-FDFE-47B0-ABE9-0DB4ABD30936} = {79A1B3B8-EB65-4A6C-AEFF-007D4C147C05}
		{AF3E4AD8-157A-4941-8EF6-251B1755F8C2} = {79A1B3B8-EB65-4A6C-AEFF-007D4C147C05}
		{9CE046DE-DB47-42C0-AC5C-51CB327D9272} = {79A1B3B8-EB65-4A6C-AEFF-007D4C147C05}
		{45AD86C0-81D1-4D22-9C80-391FA8142E1F} = {79A1B3B8-EB65-4A6C-AEFF-007D4C147C05}
		{8FBDE887-17AE-475B-B03F-4B7190523520} = {79A1B3B8-EB65-4A6C-AEFF-007D4C147C05}
		{CA1546FA-B63F-4C98-80AE-1206402E4A74} = {545099EF-0D2E-46CF-9383-2A1A846D46B4}
		{1CE9DD57-E2D6-43A1-8567-BFDACD195656} = {79A1B3B8-EB65-4A6C-AEFF-007D4C147C05}
		{326E53E0-3BF9-4AA1-8DA1-B18914BE5F10} = {545099EF-0D2E-46CF-9383-2A1A846D46B4}
	EndGlobalSection
EndGlobal
